
Microsoft Visual Studio Solution File, Format Version 12.00
# Visual Studio Version 17
VisualStudioVersion = 17.5.33627.172
MinimumVisualStudioVersion = 10.0.40219.1
Project("{9A19103F-16F7-4668-BE54-9A1E7A4F7556}") = "AIT-MVP.Domain", "AIT-MVP.Domain\AIT-MVP.Domain.csproj", "{31D627EA-ABDC-4DF4-A5C2-45631E7A8E63}"
EndProject
Project("{9A19103F-16F7-4668-BE54-9A1E7A4F7556}") = "AIT-MVP.Infrastructure", "AIT-MVP.Infrastructure\AIT-MVP.Infrastructure.csproj", "{4A51FBE0-B9F2-4F18-BAFB-4A4750F710CF}"
EndProject
Project("{9A19103F-16F7-4668-BE54-9A1E7A4F7556}") = "AIT-MVP.Server", "AIT-MVP.Server\AIT-MVP.Server.csproj", "{EA49496F-4494-42B8-B11E-31A77C1B00AD}"
EndProject
Project("{9A19103F-16F7-4668-BE54-9A1E7A4F7556}") = "AIT-MVP.Application", "AIT-MVP.Application\AIT-MVP.Application.csproj", "{BBB27E1B-0C0F-43D3-80D4-51B58F690B36}"
EndProject
Project("{2150E333-8FDC-42A3-9474-1A3956D46DE8}") = "Source", "Source", "{9A3B23EF-4612-4759-86B2-0726C7033381}"
EndProject
Project("{2150E333-8FDC-42A3-9474-1A3956D46DE8}") = "Core", "Core", "{6E97B4E1-55E8-4507-BB5A-FA3BE55AB080}"
EndProject
Project("{2150E333-8FDC-42A3-9474-1A3956D46DE8}") = "Infrastructure", "Infrastructure", "{60AE3E88-722F-485D-AC3E-922B28F37DF3}"
EndProject
Project("{2150E333-8FDC-42A3-9474-1A3956D46DE8}") = "Shared", "Shared", "{D1D9BEF8-7E1C-4E50-A550-8E0EC9B4453F}"
EndProject
Project("{2150E333-8FDC-42A3-9474-1A3956D46DE8}") = "Web", "Web", "{224B189F-A410-4B50-B5F2-E6DA6D5C603A}"
EndProject
Project("{2150E333-8FDC-42A3-9474-1A3956D46DE8}") = "Client", "Client", "{D661D2B3-9B64-4061-9C51-F3904D6C23CD}"
EndProject
Project("{2150E333-8FDC-42A3-9474-1A3956D46DE8}") = "Server", "Server", "{AB64A75A-1E55-418C-B688-DE40315B70E0}"
EndProject
Project("{9A19103F-16F7-4668-BE54-9A1E7A4F7556}") = "AIT-MVP.Client", "AIT-MVP.Client\AIT-MVP.Client.csproj", "{33D1AB23-445C-40D8-A4CE-8CAD1F8CA3B4}"
EndProject
Project("{FAE04EC0-301F-11D3-BF4B-00C04F79EFBC}") = "AIT-MVP.Client.Infrastructure", "AIT-MVP.Client.Infrastructure\AIT-MVP.Client.Infrastructure.csproj", "{53F2C446-ADAF-4A65-AE89-9E1E2C105485}"
EndProject
Project("{FAE04EC0-301F-11D3-BF4B-00C04F79EFBC}") = "AIT_MVP.Shared", "AIT_MVP.Shared\AIT_MVP.Shared.csproj", "{5794D859-44F0-4C1B-AD26-FCF2AEDF8F86}"
EndProject
Global
	GlobalSection(SolutionConfigurationPlatforms) = preSolution
		Debug|Any CPU = Debug|Any CPU
		Release|Any CPU = Release|Any CPU
	EndGlobalSection
	GlobalSection(ProjectConfigurationPlatforms) = postSolution
		{31D627EA-ABDC-4DF4-A5C2-45631E7A8E63}.Debug|Any CPU.ActiveCfg = Debug|Any CPU
		{31D627EA-ABDC-4DF4-A5C2-45631E7A8E63}.Debug|Any CPU.Build.0 = Debug|Any CPU
		{31D627EA-ABDC-4DF4-A5C2-45631E7A8E63}.Release|Any CPU.ActiveCfg = Release|Any CPU
		{31D627EA-ABDC-4DF4-A5C2-45631E7A8E63}.Release|Any CPU.Build.0 = Release|Any CPU
		{4A51FBE0-B9F2-4F18-BAFB-4A4750F710CF}.Debug|Any CPU.ActiveCfg = Debug|Any CPU
		{4A51FBE0-B9F2-4F18-BAFB-4A4750F710CF}.Debug|Any CPU.Build.0 = Debug|Any CPU
		{4A51FBE0-B9F2-4F18-BAFB-4A4750F710CF}.Release|Any CPU.ActiveCfg = Release|Any CPU
		{4A51FBE0-B9F2-4F18-BAFB-4A4750F710CF}.Release|Any CPU.Build.0 = Release|Any CPU
		{EA49496F-4494-42B8-B11E-31A77C1B00AD}.Debug|Any CPU.ActiveCfg = Debug|Any CPU
		{EA49496F-4494-42B8-B11E-31A77C1B00AD}.Debug|Any CPU.Build.0 = Debug|Any CPU
		{EA49496F-4494-42B8-B11E-31A77C1B00AD}.Release|Any CPU.ActiveCfg = Release|Any CPU
		{EA49496F-4494-42B8-B11E-31A77C1B00AD}.Release|Any CPU.Build.0 = Release|Any CPU
		{BBB27E1B-0C0F-43D3-80D4-51B58F690B36}.Debug|Any CPU.ActiveCfg = Debug|Any CPU
		{BBB27E1B-0C0F-43D3-80D4-51B58F690B36}.Debug|Any CPU.Build.0 = Debug|Any CPU
		{BBB27E1B-0C0F-43D3-80D4-51B58F690B36}.Release|Any CPU.ActiveCfg = Release|Any CPU
		{BBB27E1B-0C0F-43D3-80D4-51B58F690B36}.Release|Any CPU.Build.0 = Release|Any CPU
		{33D1AB23-445C-40D8-A4CE-8CAD1F8CA3B4}.Debug|Any CPU.ActiveCfg = Debug|Any CPU
		{33D1AB23-445C-40D8-A4CE-8CAD1F8CA3B4}.Debug|Any CPU.Build.0 = Debug|Any CPU
		{33D1AB23-445C-40D8-A4CE-8CAD1F8CA3B4}.Release|Any CPU.ActiveCfg = Release|Any CPU
		{33D1AB23-445C-40D8-A4CE-8CAD1F8CA3B4}.Release|Any CPU.Build.0 = Release|Any CPU
		{53F2C446-ADAF-4A65-AE89-9E1E2C105485}.Debug|Any CPU.ActiveCfg = Debug|Any CPU
		{53F2C446-ADAF-4A65-AE89-9E1E2C105485}.Debug|Any CPU.Build.0 = Debug|Any CPU
		{53F2C446-ADAF-4A65-AE89-9E1E2C105485}.Release|Any CPU.ActiveCfg = Release|Any CPU
		{53F2C446-ADAF-4A65-AE89-9E1E2C105485}.Release|Any CPU.Build.0 = Release|Any CPU
		{5794D859-44F0-4C1B-AD26-FCF2AEDF8F86}.Debug|Any CPU.ActiveCfg = Debug|Any CPU
		{5794D859-44F0-4C1B-AD26-FCF2AEDF8F86}.Debug|Any CPU.Build.0 = Debug|Any CPU
		{5794D859-44F0-4C1B-AD26-FCF2AEDF8F86}.Release|Any CPU.ActiveCfg = Release|Any CPU
		{5794D859-44F0-4C1B-AD26-FCF2AEDF8F86}.Release|Any CPU.Build.0 = Release|Any CPU
	EndGlobalSection
	GlobalSection(SolutionProperties) = preSolution
		HideSolutionNode = FALSE
	EndGlobalSection
	GlobalSection(NestedProjects) = preSolution
		{31D627EA-ABDC-4DF4-A5C2-45631E7A8E63} = {6E97B4E1-55E8-4507-BB5A-FA3BE55AB080}
		{4A51FBE0-B9F2-4F18-BAFB-4A4750F710CF} = {60AE3E88-722F-485D-AC3E-922B28F37DF3}
		{EA49496F-4494-42B8-B11E-31A77C1B00AD} = {AB64A75A-1E55-418C-B688-DE40315B70E0}
		{BBB27E1B-0C0F-43D3-80D4-51B58F690B36} = {6E97B4E1-55E8-4507-BB5A-FA3BE55AB080}
		{6E97B4E1-55E8-4507-BB5A-FA3BE55AB080} = {9A3B23EF-4612-4759-86B2-0726C7033381}
		{60AE3E88-722F-485D-AC3E-922B28F37DF3} = {9A3B23EF-4612-4759-86B2-0726C7033381}
		{D1D9BEF8-7E1C-4E50-A550-8E0EC9B4453F} = {9A3B23EF-4612-4759-86B2-0726C7033381}
		{224B189F-A410-4B50-B5F2-E6DA6D5C603A} = {9A3B23EF-4612-4759-86B2-0726C7033381}
		{D661D2B3-9B64-4061-9C51-F3904D6C23CD} = {224B189F-A410-4B50-B5F2-E6DA6D5C603A}
		{AB64A75A-1E55-418C-B688-DE40315B70E0} = {224B189F-A410-4B50-B5F2-E6DA6D5C603A}
		{33D1AB23-445C-40D8-A4CE-8CAD1F8CA3B4} = {D661D2B3-9B64-4061-9C51-F3904D6C23CD}
		{53F2C446-ADAF-4A65-AE89-9E1E2C105485} = {D661D2B3-9B64-4061-9C51-F3904D6C23CD}
		{5794D859-44F0-4C1B-AD26-FCF2AEDF8F86} = {D1D9BEF8-7E1C-4E50-A550-8E0EC9B4453F}
	EndGlobalSection
	GlobalSection(ExtensibilityGlobals) = postSolution
		SolutionGuid = {862B73F6-09D5-4545-8E35-9912F54F461C}
	EndGlobalSection
EndGlobal
